
Microsoft Visual Studio Solution File, Format Version 12.00
# Visual Studio Version 17
VisualStudioVersion = 17.8.34316.72
MinimumVisualStudioVersion = 10.0.40219.1
Project("{9A19103F-16F7-4668-BE54-9A1E7A4F7556}") = "HakedisOtomasyon.Domain", "src\HakedisOtomasyon.Domain\HakedisOtomasyon.Domain.csproj", "{A1B2C3D4-E5F6-7A8B-9C0D-E1F2A3B4C5D6}"
EndProject
Project("{9A19103F-16F7-4668-BE54-9A1E7A4F7556}") = "HakedisOtomasyon.Application", "src\HakedisOtomasyon.Application\HakedisOtomasyon.Application.csproj", "{B2C3D4E5-F6A7-8B9C-0D1E-F2A3B4C5D6E7}"
EndProject
Project("{9A19103F-16F7-4668-BE54-9A1E7A4F7556}") = "HakedisOtomasyon.Infrastructure", "src\HakedisOtomasyon.Infrastructure\HakedisOtomasyon.Infrastructure.csproj", "{C3D4E5F6-A7B8-9C0D-1E2F-A3B4C5D6E7F8}"
EndProject
Project("{9A19103F-16F7-4668-BE54-9A1E7A4F7556}") = "HakedisOtomasyon.Web", "src\HakedisOtomasyon.Web\HakedisOtomasyon.Web.csproj", "{D4E5F6A7-B8C9-0D1E-2F3A-B4C5D6E7F8A9}"
EndProject
Project("{2150E333-8FDC-42A3-9474-1A3956D46DE8}") = "src", "src", "{827E0CD3-B72D-47B6-A68D-7590B98EB39B}"
EndProject
Project("{FAE04EC0-301F-11D3-BF4B-00C04F79EFBC}") = "SogutmaHakedisKontrol.Domain", "src\SogutmaHakedisKontrol.Domain\SogutmaHakedisKontrol.Domain.csproj", "{E042C2C9-F93F-4D59-A788-B616CE9D624B}"
EndProject
Project("{FAE04EC0-301F-11D3-BF4B-00C04F79EFBC}") = "SogutmaHakedisKontrol.Application", "src\SogutmaHakedisKontrol.Application\SogutmaHakedisKontrol.Application.csproj", "{B90A11CD-F9F6-4C0E-B3AE-3181F4561D90}"
EndProject
Project("{FAE04EC0-301F-11D3-BF4B-00C04F79EFBC}") = "SogutmaHakedisKontrol.Infrastructure", "src\SogutmaHakedisKontrol.Infrastructure\SogutmaHakedisKontrol.Infrastructure.csproj", "{08C99A41-294C-4B6E-A57D-CF89A8834F31}"
EndProject
Project("{2150E333-8FDC-42A3-9474-1A3956D46DE8}") = "tests", "tests", "{CF3EFE66-371A-41DD-80CC-19792ACFC95A}"
EndProject
Project("{FAE04EC0-301F-11D3-BF4B-00C04F79EFBC}") = "SogutmaHakedisKontrol.Tests", "tests\SogutmaHakedisKontrol.Tests\SogutmaHakedisKontrol.Tests.csproj", "{47ACD861-3549-4646-99CC-124A5C933F4F}"
EndProject
Global
	GlobalSection(SolutionConfigurationPlatforms) = preSolution
		Debug|Any CPU = Debug|Any CPU
		Debug|x64 = Debug|x64
		Debug|x86 = Debug|x86
		Release|Any CPU = Release|Any CPU
		Release|x64 = Release|x64
		Release|x86 = Release|x86
	EndGlobalSection
	GlobalSection(ProjectConfigurationPlatforms) = postSolution
		{A1B2C3D4-E5F6-7A8B-9C0D-E1F2A3B4C5D6}.Debug|Any CPU.ActiveCfg = Debug|Any CPU
		{A1B2C3D4-E5F6-7A8B-9C0D-E1F2A3B4C5D6}.Debug|Any CPU.Build.0 = Debug|Any CPU
		{A1B2C3D4-E5F6-7A8B-9C0D-E1F2A3B4C5D6}.Debug|x64.ActiveCfg = Debug|Any CPU
		{A1B2C3D4-E5F6-7A8B-9C0D-E1F2A3B4C5D6}.Debug|x64.Build.0 = Debug|Any CPU
		{A1B2C3D4-E5F6-7A8B-9C0D-E1F2A3B4C5D6}.Debug|x86.ActiveCfg = Debug|Any CPU
		{A1B2C3D4-E5F6-7A8B-9C0D-E1F2A3B4C5D6}.Debug|x86.Build.0 = Debug|Any CPU
		{A1B2C3D4-E5F6-7A8B-9C0D-E1F2A3B4C5D6}.Release|Any CPU.ActiveCfg = Release|Any CPU
		{A1B2C3D4-E5F6-7A8B-9C0D-E1F2A3B4C5D6}.Release|Any CPU.Build.0 = Release|Any CPU
		{A1B2C3D4-E5F6-7A8B-9C0D-E1F2A3B4C5D6}.Release|x64.ActiveCfg = Release|Any CPU
		{A1B2C3D4-E5F6-7A8B-9C0D-E1F2A3B4C5D6}.Release|x64.Build.0 = Release|Any CPU
		{A1B2C3D4-E5F6-7A8B-9C0D-E1F2A3B4C5D6}.Release|x86.ActiveCfg = Release|Any CPU
		{A1B2C3D4-E5F6-7A8B-9C0D-E1F2A3B4C5D6}.Release|x86.Build.0 = Release|Any CPU
		{B2C3D4E5-F6A7-8B9C-0D1E-F2A3B4C5D6E7}.Debug|Any CPU.ActiveCfg = Debug|Any CPU
		{B2C3D4E5-F6A7-8B9C-0D1E-F2A3B4C5D6E7}.Debug|Any CPU.Build.0 = Debug|Any CPU
		{B2C3D4E5-F6A7-8B9C-0D1E-F2A3B4C5D6E7}.Debug|x64.ActiveCfg = Debug|Any CPU
		{B2C3D4E5-F6A7-8B9C-0D1E-F2A3B4C5D6E7}.Debug|x64.Build.0 = Debug|Any CPU
		{B2C3D4E5-F6A7-8B9C-0D1E-F2A3B4C5D6E7}.Debug|x86.ActiveCfg = Debug|Any CPU
		{B2C3D4E5-F6A7-8B9C-0D1E-F2A3B4C5D6E7}.Debug|x86.Build.0 = Debug|Any CPU
		{B2C3D4E5-F6A7-8B9C-0D1E-F2A3B4C5D6E7}.Release|Any CPU.ActiveCfg = Release|Any CPU
		{B2C3D4E5-F6A7-8B9C-0D1E-F2A3B4C5D6E7}.Release|Any CPU.Build.0 = Release|Any CPU
		{B2C3D4E5-F6A7-8B9C-0D1E-F2A3B4C5D6E7}.Release|x64.ActiveCfg = Release|Any CPU
		{B2C3D4E5-F6A7-8B9C-0D1E-F2A3B4C5D6E7}.Release|x64.Build.0 = Release|Any CPU
		{B2C3D4E5-F6A7-8B9C-0D1E-F2A3B4C5D6E7}.Release|x86.ActiveCfg = Release|Any CPU
		{B2C3D4E5-F6A7-8B9C-0D1E-F2A3B4C5D6E7}.Release|x86.Build.0 = Release|Any CPU
		{C3D4E5F6-A7B8-9C0D-1E2F-A3B4C5D6E7F8}.Debug|Any CPU.ActiveCfg = Debug|Any CPU
		{C3D4E5F6-A7B8-9C0D-1E2F-A3B4C5D6E7F8}.Debug|Any CPU.Build.0 = Debug|Any CPU
		{C3D4E5F6-A7B8-9C0D-1E2F-A3B4C5D6E7F8}.Debug|x64.ActiveCfg = Debug|Any CPU
		{C3D4E5F6-A7B8-9C0D-1E2F-A3B4C5D6E7F8}.Debug|x64.Build.0 = Debug|Any CPU
		{C3D4E5F6-A7B8-9C0D-1E2F-A3B4C5D6E7F8}.Debug|x86.ActiveCfg = Debug|Any CPU
		{C3D4E5F6-A7B8-9C0D-1E2F-A3B4C5D6E7F8}.Debug|x86.Build.0 = Debug|Any CPU
		{C3D4E5F6-A7B8-9C0D-1E2F-A3B4C5D6E7F8}.Release|Any CPU.ActiveCfg = Release|Any CPU
		{C3D4E5F6-A7B8-9C0D-1E2F-A3B4C5D6E7F8}.Release|Any CPU.Build.0 = Release|Any CPU
		{C3D4E5F6-A7B8-9C0D-1E2F-A3B4C5D6E7F8}.Release|x64.ActiveCfg = Release|Any CPU
		{C3D4E5F6-A7B8-9C0D-1E2F-A3B4C5D6E7F8}.Release|x64.Build.0 = Release|Any CPU
		{C3D4E5F6-A7B8-9C0D-1E2F-A3B4C5D6E7F8}.Release|x86.ActiveCfg = Release|Any CPU
		{C3D4E5F6-A7B8-9C0D-1E2F-A3B4C5D6E7F8}.Release|x86.Build.0 = Release|Any CPU
		{D4E5F6A7-B8C9-0D1E-2F3A-B4C5D6E7F8A9}.Debug|Any CPU.ActiveCfg = Debug|Any CPU
		{D4E5F6A7-B8C9-0D1E-2F3A-B4C5D6E7F8A9}.Debug|Any CPU.Build.0 = Debug|Any CPU
		{D4E5F6A7-B8C9-0D1E-2F3A-B4C5D6E7F8A9}.Debug|x64.ActiveCfg = Debug|Any CPU
		{D4E5F6A7-B8C9-0D1E-2F3A-B4C5D6E7F8A9}.Debug|x64.Build.0 = Debug|Any CPU
		{D4E5F6A7-B8C9-0D1E-2F3A-B4C5D6E7F8A9}.Debug|x86.ActiveCfg = Debug|Any CPU
		{D4E5F6A7-B8C9-0D1E-2F3A-B4C5D6E7F8A9}.Debug|x86.Build.0 = Debug|Any CPU
		{D4E5F6A7-B8C9-0D1E-2F3A-B4C5D6E7F8A9}.Release|Any CPU.ActiveCfg = Release|Any CPU
		{D4E5F6A7-B8C9-0D1E-2F3A-B4C5D6E7F8A9}.Release|Any CPU.Build.0 = Release|Any CPU
		{D4E5F6A7-B8C9-0D1E-2F3A-B4C5D6E7F8A9}.Release|x64.ActiveCfg = Release|Any CPU
		{D4E5F6A7-B8C9-0D1E-2F3A-B4C5D6E7F8A9}.Release|x64.Build.0 = Release|Any CPU
		{D4E5F6A7-B8C9-0D1E-2F3A-B4C5D6E7F8A9}.Release|x86.ActiveCfg = Release|Any CPU
		{D4E5F6A7-B8C9-0D1E-2F3A-B4C5D6E7F8A9}.Release|x86.Build.0 = Release|Any CPU
		{E042C2C9-F93F-4D59-A788-B616CE9D624B}.Debug|Any CPU.ActiveCfg = Debug|Any CPU
		{E042C2C9-F93F-4D59-A788-B616CE9D624B}.Debug|Any CPU.Build.0 = Debug|Any CPU
		{E042C2C9-F93F-4D59-A788-B616CE9D624B}.Debug|x64.ActiveCfg = Debug|Any CPU
		{E042C2C9-F93F-4D59-A788-B616CE9D624B}.Debug|x64.Build.0 = Debug|Any CPU
		{E042C2C9-F93F-4D59-A788-B616CE9D624B}.Debug|x86.ActiveCfg = Debug|Any CPU
		{E042C2C9-F93F-4D59-A788-B616CE9D624B}.Debug|x86.Build.0 = Debug|Any CPU
		{E042C2C9-F93F-4D59-A788-B616CE9D624B}.Release|Any CPU.ActiveCfg = Release|Any CPU
		{E042C2C9-F93F-4D59-A788-B616CE9D624B}.Release|Any CPU.Build.0 = Release|Any CPU
		{E042C2C9-F93F-4D59-A788-B616CE9D624B}.Release|x64.ActiveCfg = Release|Any CPU
		{E042C2C9-F93F-4D59-A788-B616CE9D624B}.Release|x64.Build.0 = Release|Any CPU
		{E042C2C9-F93F-4D59-A788-B616CE9D624B}.Release|x86.ActiveCfg = Release|Any CPU
		{E042C2C9-F93F-4D59-A788-B616CE9D624B}.Release|x86.Build.0 = Release|Any CPU
		{B90A11CD-F9F6-4C0E-B3AE-3181F4561D90}.Debug|Any CPU.ActiveCfg = Debug|Any CPU
		{B90A11CD-F9F6-4C0E-B3AE-3181F4561D90}.Debug|Any CPU.Build.0 = Debug|Any CPU
		{B90A11CD-F9F6-4C0E-B3AE-3181F4561D90}.Debug|x64.ActiveCfg = Debug|Any CPU
		{B90A11CD-F9F6-4C0E-B3AE-3181F4561D90}.Debug|x64.Build.0 = Debug|Any CPU
		{B90A11CD-F9F6-4C0E-B3AE-3181F4561D90}.Debug|x86.ActiveCfg = Debug|Any CPU
		{B90A11CD-F9F6-4C0E-B3AE-3181F4561D90}.Debug|x86.Build.0 = Debug|Any CPU
		{B90A11CD-F9F6-4C0E-B3AE-3181F4561D90}.Release|Any CPU.ActiveCfg = Release|Any CPU
		{B90A11CD-F9F6-4C0E-B3AE-3181F4561D90}.Release|Any CPU.Build.0 = Release|Any CPU
		{B90A11CD-F9F6-4C0E-B3AE-3181F4561D90}.Release|x64.ActiveCfg = Release|Any CPU
		{B90A11CD-F9F6-4C0E-B3AE-3181F4561D90}.Release|x64.Build.0 = Release|Any CPU
		{B90A11CD-F9F6-4C0E-B3AE-3181F4561D90}.Release|x86.ActiveCfg = Release|Any CPU
		{B90A11CD-F9F6-4C0E-B3AE-3181F4561D90}.Release|x86.Build.0 = Release|Any CPU
		{08C99A41-294C-4B6E-A57D-CF89A8834F31}.Debug|Any CPU.ActiveCfg = Debug|Any CPU
		{08C99A41-294C-4B6E-A57D-CF89A8834F31}.Debug|Any CPU.Build.0 = Debug|Any CPU
		{08C99A41-294C-4B6E-A57D-CF89A8834F31}.Debug|x64.ActiveCfg = Debug|Any CPU
		{08C99A41-294C-4B6E-A57D-CF89A8834F31}.Debug|x64.Build.0 = Debug|Any CPU
		{08C99A41-294C-4B6E-A57D-CF89A8834F31}.Debug|x86.ActiveCfg = Debug|Any CPU
		{08C99A41-294C-4B6E-A57D-CF89A8834F31}.Debug|x86.Build.0 = Debug|Any CPU
		{08C99A41-294C-4B6E-A57D-CF89A8834F31}.Release|Any CPU.ActiveCfg = Release|Any CPU
		{08C99A41-294C-4B6E-A57D-CF89A8834F31}.Release|Any CPU.Build.0 = Release|Any CPU
		{08C99A41-294C-4B6E-A57D-CF89A8834F31}.Release|x64.ActiveCfg = Release|Any CPU
		{08C99A41-294C-4B6E-A57D-CF89A8834F31}.Release|x64.Build.0 = Release|Any CPU
		{08C99A41-294C-4B6E-A57D-CF89A8834F31}.Release|x86.ActiveCfg = Release|Any CPU
		{08C99A41-294C-4B6E-A57D-CF89A8834F31}.Release|x86.Build.0 = Release|Any CPU
		{47ACD861-3549-4646-99CC-124A5C933F4F}.Debug|Any CPU.ActiveCfg = Debug|Any CPU
		{47ACD861-3549-4646-99CC-124A5C933F4F}.Debug|Any CPU.Build.0 = Debug|Any CPU
		{47ACD861-3549-4646-99CC-124A5C933F4F}.Debug|x64.ActiveCfg = Debug|Any CPU
		{47ACD861-3549-4646-99CC-124A5C933F4F}.Debug|x64.Build.0 = Debug|Any CPU
		{47ACD861-3549-4646-99CC-124A5C933F4F}.Debug|x86.ActiveCfg = Debug|Any CPU
		{47ACD861-3549-4646-99CC-124A5C933F4F}.Debug|x86.Build.0 = Debug|Any CPU
		{47ACD861-3549-4646-99CC-124A5C933F4F}.Release|Any CPU.ActiveCfg = Release|Any CPU
		{47ACD861-3549-4646-99CC-124A5C933F4F}.Release|Any CPU.Build.0 = Release|Any CPU
		{47ACD861-3549-4646-99CC-124A5C933F4F}.Release|x64.ActiveCfg = Release|Any CPU
		{47ACD861-3549-4646-99CC-124A5C933F4F}.Release|x64.Build.0 = Release|Any CPU
		{47ACD861-3549-4646-99CC-124A5C933F4F}.Release|x86.ActiveCfg = Release|Any CPU
		{47ACD861-3549-4646-99CC-124A5C933F4F}.Release|x86.Build.0 = Release|Any CPU
	EndGlobalSection
	GlobalSection(SolutionProperties) = preSolution
		HideSolutionNode = FALSE
	EndGlobalSection
	GlobalSection(NestedProjects) = preSolution
		{E042C2C9-F93F-4D59-A788-B616CE9D624B} = {827E0CD3-B72D-47B6-A68D-7590B98EB39B}
		{B90A11CD-F9F6-4C0E-B3AE-3181F4561D90} = {827E0CD3-B72D-47B6-A68D-7590B98EB39B}
		{08C99A41-294C-4B6E-A57D-CF89A8834F31} = {827E0CD3-B72D-47B6-A68D-7590B98EB39B}
		{47ACD861-3549-4646-99CC-124A5C933F4F} = {CF3EFE66-371A-41DD-80CC-19792ACFC95A}
	EndGlobalSection
EndGlobal
