
Microsoft Visual Studio Solution File, Format Version 12.00
# Visual Studio Version 17
VisualStudioVersion = 17.0.31903.59
MinimumVisualStudioVersion = 10.0.40219.1
Project("{2150E333-8FDC-42A3-9474-1A3956D46DE8}") = "src", "src", "{941CB906-BA37-4968-A244-9DE5A607EA23}"
EndProject
Project("{FAE04EC0-301F-11D3-BF4B-00C04F79EFBC}") = "SogutmaHakedisKontrol.Domain", "src\SogutmaHakedisKontrol.Domain\SogutmaHakedisKontrol.Domain.csproj", "{F4B47BEE-1DEB-4A0E-ACDC-795C700149D8}"
EndProject
Project("{FAE04EC0-301F-11D3-BF4B-00C04F79EFBC}") = "SogutmaHakedisKontrol.Application", "src\SogutmaHakedisKontrol.Application\SogutmaHakedisKontrol.Application.csproj", "{4F2011DF-F2BF-4575-99D2-0201C5DE1BE7}"
EndProject
Project("{FAE04EC0-301F-11D3-BF4B-00C04F79EFBC}") = "SogutmaHakedisKontrol.Infrastructure", "src\SogutmaHakedisKontrol.Infrastructure\SogutmaHakedisKontrol.Infrastructure.csproj", "{43374395-5383-4E3A-9FF5-969D6F2FC363}"
EndProject
Project("{FAE04EC0-301F-11D3-BF4B-00C04F79EFBC}") = "SogutmaHakedisKontrol.Web", "src\SogutmaHakedisKontrol.Web\SogutmaHakedisKontrol.Web.csproj", "{B7D27E2D-4997-464C-99AA-05E0F4EA9CB8}"
EndProject
Global
	GlobalSection(SolutionConfigurationPlatforms) = preSolution
		Debug|Any CPU = Debug|Any CPU
		Release|Any CPU = Release|Any CPU
	EndGlobalSection
	GlobalSection(SolutionProperties) = preSolution
		HideSolutionNode = FALSE
	EndGlobalSection
	GlobalSection(ProjectConfigurationPlatforms) = postSolution
		{F4B47BEE-1DEB-4A0E-ACDC-795C700149D8}.Debug|Any CPU.ActiveCfg = Debug|Any CPU
		{F4B47BEE-1DEB-4A0E-ACDC-795C700149D8}.Debug|Any CPU.Build.0 = Debug|Any CPU
		{F4B47BEE-1DEB-4A0E-ACDC-795C700149D8}.Release|Any CPU.ActiveCfg = Release|Any CPU
		{F4B47BEE-1DEB-4A0E-ACDC-795C700149D8}.Release|Any CPU.Build.0 = Release|Any CPU
		{4F2011DF-F2BF-4575-99D2-0201C5DE1BE7}.Debug|Any CPU.ActiveCfg = Debug|Any CPU
		{4F2011DF-F2BF-4575-99D2-0201C5DE1BE7}.Debug|Any CPU.Build.0 = Debug|Any CPU
		{4F2011DF-F2BF-4575-99D2-0201C5DE1BE7}.Release|Any CPU.ActiveCfg = Release|Any CPU
		{4F2011DF-F2BF-4575-99D2-0201C5DE1BE7}.Release|Any CPU.Build.0 = Release|Any CPU
		{43374395-5383-4E3A-9FF5-969D6F2FC363}.Debug|Any CPU.ActiveCfg = Debug|Any CPU
		{43374395-5383-4E3A-9FF5-969D6F2FC363}.Debug|Any CPU.Build.0 = Debug|Any CPU
		{43374395-5383-4E3A-9FF5-969D6F2FC363}.Release|Any CPU.ActiveCfg = Release|Any CPU
		{43374395-5383-4E3A-9FF5-969D6F2FC363}.Release|Any CPU.Build.0 = Release|Any CPU
		{B7D27E2D-4997-464C-99AA-05E0F4EA9CB8}.Debug|Any CPU.ActiveCfg = Debug|Any CPU
		{B7D27E2D-4997-464C-99AA-05E0F4EA9CB8}.Debug|Any CPU.Build.0 = Debug|Any CPU
		{B7D27E2D-4997-464C-99AA-05E0F4EA9CB8}.Release|Any CPU.ActiveCfg = Release|Any CPU
		{B7D27E2D-4997-464C-99AA-05E0F4EA9CB8}.Release|Any CPU.Build.0 = Release|Any CPU
	EndGlobalSection
	GlobalSection(NestedProjects) = preSolution
		{F4B47BEE-1DEB-4A0E-ACDC-795C700149D8} = {941CB906-BA37-4968-A244-9DE5A607EA23}
		{4F2011DF-F2BF-4575-99D2-0201C5DE1BE7} = {941CB906-BA37-4968-A244-9DE5A607EA23}
		{43374395-5383-4E3A-9FF5-969D6F2FC363} = {941CB906-BA37-4968-A244-9DE5A607EA23}
		{B7D27E2D-4997-464C-99AA-05E0F4EA9CB8} = {941CB906-BA37-4968-A244-9DE5A607EA23}
	EndGlobalSection
EndGlobal
